
Microsoft Visual Studio Solution File, Format Version 12.00
# Visual Studio Version 17
VisualStudioVersion = 17.14.36930.0
MinimumVisualStudioVersion = 10.0.40219.1
Project("{FAE04EC0-301F-11D3-BF4B-00C04F79EFBC}") = "DwgMapOverlayPoc", "DwgMapOverlayPoc.csproj", "{6E2C396A-FDF3-E986-7A96-E07096FC32CA}"
EndProject
Project("{FAE04EC0-301F-11D3-BF4B-00C04F79EFBC}") = "DwgMapOverlayPoc.Tests", "DwgMapOverlayPoc.Tests\DwgMapOverlayPoc.Tests.csproj", "{62A8373A-E6FF-44EC-AEDE-6985916A1800}"
EndProject
Global
	GlobalSection(SolutionConfigurationPlatforms) = preSolution
		Debug|Any CPU = Debug|Any CPU
		Release|Any CPU = Release|Any CPU
	EndGlobalSection
	GlobalSection(ProjectConfigurationPlatforms) = postSolution
		{6E2C396A-FDF3-E986-7A96-E07096FC32CA}.Debug|Any CPU.ActiveCfg = Debug|Any CPU
		{6E2C396A-FDF3-E986-7A96-E07096FC32CA}.Debug|Any CPU.Build.0 = Debug|Any CPU
		{6E2C396A-FDF3-E986-7A96-E07096FC32CA}.Release|Any CPU.ActiveCfg = Release|Any CPU
		{6E2C396A-FDF3-E986-7A96-E07096FC32CA}.Release|Any CPU.Build.0 = Release|Any CPU
		{62A8373A-E6FF-44EC-AEDE-6985916A1800}.Debug|Any CPU.ActiveCfg = Debug|Any CPU
		{62A8373A-E6FF-44EC-AEDE-6985916A1800}.Debug|Any CPU.Build.0 = Debug|Any CPU
		{62A8373A-E6FF-44EC-AEDE-6985916A1800}.Release|Any CPU.ActiveCfg = Release|Any CPU
		{62A8373A-E6FF-44EC-AEDE-6985916A1800}.Release|Any CPU.Build.0 = Release|Any CPU
	EndGlobalSection
	GlobalSection(SolutionProperties) = preSolution
		HideSolutionNode = FALSE
	EndGlobalSection
	GlobalSection(ExtensibilityGlobals) = postSolution
		SolutionGuid = {2AE13517-7C70-4E45-A219-A669C673AA16}
	EndGlobalSection
EndGlobal
